%{"bunt": {:hex, :bunt, "0.1.5"},
  "certifi": {:hex, :certifi, "0.3.0"},
  "coverex": {:hex, :coverex, "1.4.8"},
  "credo": {:hex, :credo, "0.3.3"},
  "dialyxir": {:hex, :dialyxir, "0.3.3"},
  "dogma": {:hex, :dogma, "0.1.0"},
  "graphmath": {:hex, :graphmath, "1.0.2"},
  "hackney": {:hex, :hackney, "1.4.8"},
  "httpoison": {:hex, :httpoison, "0.8.1"},
  "idna": {:hex, :idna, "1.0.3"},
  "meck": {:hex, :meck, "0.8.4"},
  "mimerl": {:hex, :mimerl, "1.0.2"},
  "mock": {:hex, :mock, "0.1.1"},
  "msgpack": {:git, "git://github.com/msgpack/msgpack-erlang.git", "65511e5f44a8ebf561bff9b3f3a2fc1c0d936e64", [tag: "0.1.2"]},
  "msgpax": {:hex, :msgpax, "0.8.2"},
  "poison": {:hex, :poison, "1.5.2"},
  "proper": {:git, "https://github.com/manopapad/proper.git", "1b773eeb47cb2c3116d78bdf681505703b762eee", [branch: "master"]},
  "ranch": {:hex, :ranch, "1.2.1"},
  "ssl_verify_hostname": {:hex, :ssl_verify_hostname, "1.0.5"}}
